
Microsoft Visual Studio Solution File, Format Version 12.00
# Visual Studio Version 17
VisualStudioVersion = 17.4.33213.308
MinimumVisualStudioVersion = 10.0.40219.1
Project("{FAE04EC0-301F-11D3-BF4B-00C04F79EFBC}") = "PracticaS04", "PracticaS04\PracticaS04.csproj", "{93C2D103-D525-477F-81F8-9E6F55CE26C2}"
EndProject
Global
	GlobalSection(SolutionConfigurationPlatforms) = preSolution
		Debug|Any CPU = Debug|Any CPU
		Release|Any CPU = Release|Any CPU
	EndGlobalSection
	GlobalSection(ProjectConfigurationPlatforms) = postSolution
		{93C2D103-D525-477F-81F8-9E6F55CE26C2}.Debug|Any CPU.ActiveCfg = Debug|Any CPU
		{93C2D103-D525-477F-81F8-9E6F55CE26C2}.Debug|Any CPU.Build.0 = Debug|Any CPU
		{93C2D103-D525-477F-81F8-9E6F55CE26C2}.Release|Any CPU.ActiveCfg = Release|Any CPU
		{93C2D103-D525-477F-81F8-9E6F55CE26C2}.Release|Any CPU.Build.0 = Release|Any CPU
	EndGlobalSection
	GlobalSection(SolutionProperties) = preSolution
		HideSolutionNode = FALSE
	EndGlobalSection
	GlobalSection(ExtensibilityGlobals) = postSolution
		SolutionGuid = {B434647B-ED18-4913-BD01-9695CF7779E5}
	EndGlobalSection
EndGlobal
